
Microsoft Visual Studio Solution File, Format Version 12.00
# Visual Studio 15
VisualStudioVersion = 15.0.28307.960
MinimumVisualStudioVersion = 10.0.40219.1
Project("{FAE04EC0-301F-11D3-BF4B-00C04F79EFBC}") = "AES-128_Encryption", "AES-128_Encryption\AES-128_Encryption.csproj", "{6250B035-81CD-41AF-9449-AA556DFD593C}"
EndProject
Global
	GlobalSection(SolutionConfigurationPlatforms) = preSolution
		Debug|Any CPU = Debug|Any CPU
		Release|Any CPU = Release|Any CPU
	EndGlobalSection
	GlobalSection(ProjectConfigurationPlatforms) = postSolution
		{6250B035-81CD-41AF-9449-AA556DFD593C}.Debug|Any CPU.ActiveCfg = Debug|Any CPU
		{6250B035-81CD-41AF-9449-AA556DFD593C}.Debug|Any CPU.Build.0 = Debug|Any CPU
		{6250B035-81CD-41AF-9449-AA556DFD593C}.Release|Any CPU.ActiveCfg = Release|Any CPU
		{6250B035-81CD-41AF-9449-AA556DFD593C}.Release|Any CPU.Build.0 = Release|Any CPU
	EndGlobalSection
	GlobalSection(SolutionProperties) = preSolution
		HideSolutionNode = FALSE
	EndGlobalSection
	GlobalSection(ExtensibilityGlobals) = postSolution
		SolutionGuid = {AA7DC91F-46E2-4E61-9C7B-EDA718C1048C}
	EndGlobalSection
EndGlobal
